// !$*UTF8*$!
{
	archiveVersion = 1;
	classes = {
	};
	objectVersion = 50;
	objects = {

/* Begin PBXBuildFile section */
		756C9CB5225F4FBB0053237F /* AppDelegate.m in Sources */ = {isa = PBXBuildFile; fileRef = 756C9CB4225F4FBB0053237F /* AppDelegate.m */; };
		756C9CB8225F4FBB0053237F /* ViewController.m in Sources */ = {isa = PBXBuildFile; fileRef = 756C9CB7225F4FBB0053237F /* ViewController.m */; };
		756C9CBB225F4FBB0053237F /* Main.storyboard in Resources */ = {isa = PBXBuildFile; fileRef = 756C9CB9225F4FBB0053237F /* Main.storyboard */; };
		756C9CBD225F4FBC0053237F /* Assets.xcassets in Resources */ = {isa = PBXBuildFile; fileRef = 756C9CBC225F4FBC0053237F /* Assets.xcassets */; };
		756C9CC0225F4FBC0053237F /* LaunchScreen.storyboard in Resources */ = {isa = PBXBuildFile; fileRef = 756C9CBE225F4FBC0053237F /* LaunchScreen.storyboard */; };
		756C9CC3225F4FBC0053237F /* main.m in Sources */ = {isa = PBXBuildFile; fileRef = 756C9CC2225F4FBC0053237F /* main.m */; };
/* End PBXBuildFile section */

/* Begin PBXFileReference section */
		756C9CB0225F4FBB0053237F /* String_OC.app */ = {isa = PBXFileReference; explicitFileType = wrapper.application; includeInIndex = 0; path = String_OC.app; sourceTree = BUILT_PRODUCTS_DIR; };
		756C9CB3225F4FBB0053237F /* AppDelegate.h */ = {isa = PBXFileReference; lastKnownFileType = sourcecode.c.h; path = AppDelegate.h; sourceTree = "<group>"; };
		756C9CB4225F4FBB0053237F /* AppDelegate.m */ = {isa = PBXFileReference; lastKnownFileType = sourcecode.c.objc; path = AppDelegate.m; sourceTree = "<group>"; };
		756C9CB6225F4FBB0053237F /* ViewController.h */ = {isa = PBXFileReference; lastKnownFileType = sourcecode.c.h; path = ViewController.h; sourceTree = "<group>"; };
		756C9CB7225F4FBB0053237F /* ViewController.m */ = {isa = PBXFileReference; lastKnownFileType = sourcecode.c.objc; path = ViewController.m; sourceTree = "<group>"; };
		756C9CBA225F4FBB0053237F /* Base */ = {isa = PBXFileReference; lastKnownFileType = file.storyboard; name = Base; path = Base.lproj/Main.storyboard; sourceTree = "<group>"; };
		756C9CBC225F4FBC0053237F /* Assets.xcassets */ = {isa = PBXFileReference; lastKnownFileType = folder.assetcatalog; path = Assets.xcassets; sourceTree = "<group>"; };
		756C9CBF225F4FBC0053237F /* Base */ = {isa = PBXFileReference; lastKnownFileType = file.storyboard; name = Base; path = Base.lproj/LaunchScreen.storyboard; sourceTree = "<group>"; };
		756C9CC1225F4FBC0053237F /* Info.plist */ = {isa = PBXFileReference; lastKnownFileType = text.plist.xml; path = Info.plist; sourceTree = "<group>"; };
		756C9CC2225F4FBC0053237F /* main.m */ = {isa = PBXFileReference; lastKnownFileType = sourcecode.c.objc; path = main.m; sourceTree = "<group>"; };
/* End PBXFileReference section */

/* Begin PBXFrameworksBuildPhase section */
		756C9CAD225F4FBB0053237F /* Frameworks */ = {
			isa = PBXFrameworksBuildPhase;
			buildActionMask = 2147483647;
			files = (
			);
			runOnlyForDeploymentPostprocessing = 0;
		};
/* End PBXFrameworksBuildPhase section */

/* Begin PBXGroup section */
		756C9CA7225F4FBB0053237F = {
			isa = PBXGroup;
			children = (
				756C9CB2225F4FBB0053237F /* String_OC */,
				756C9CB1225F4FBB0053237F /* Products */,
			);
			sourceTree = "<group>";
		};
		756C9CB1225F4FBB0053237F /* Products */ = {
			isa = PBXGroup;
			children = (
				756C9CB0225F4FBB0053237F /* String_OC.app */,
			);
			name = Products;
			sourceTree = "<group>";
		};
		756C9CB2225F4FBB0053237F /* String_OC */ = {
			isa = PBXGroup;
			children = (
				756C9CB3225F4FBB0053237F /* AppDelegate.h */,
				756C9CB4225F4FBB0053237F /* AppDelegate.m */,
				756C9CB6225F4FBB0053237F /* ViewController.h */,
				756C9CB7225F4FBB0053237F /* ViewController.m */,
				756C9CB9225F4FBB0053237F /* Main.storyboard */,
				756C9CBC225F4FBC0053237F /* Assets.xcassets */,
				756C9CBE225F4FBC0053237F /* LaunchScreen.storyboard */,
				756C9CC1225F4FBC0053237F /* Info.plist */,
				756C9CC2225F4FBC0053237F /* main.m */,
			);
			path = String_OC;
			sourceTree = "<group>";
		};
/* End PBXGroup section */

/* Begin PBXNativeTarget section */
		756C9CAF225F4FBB0053237F /* String_OC */ = {
			isa = PBXNativeTarget;
			buildConfigurationList = 756C9CC6225F4FBC0053237F /* Build configuration list for PBXNativeTarget "String_OC" */;
			buildPhases = (
				756C9CAC225F4FBB0053237F /* Sources */,
				756C9CAD225F4FBB0053237F /* Frameworks */,
				756C9CAE225F4FBB0053237F /* Resources */,
			);
			buildRules = (
			);
			dependencies = (
			);
			name = String_OC;
			productName = String_OC;
			productReference = 756C9CB0225F4FBB0053237F /* String_OC.app */;
			productType = "com.apple.product-type.application";
		};
/* End PBXNativeTarget section */

/* Begin PBXProject section */
		756C9CA8225F4FBB0053237F /* Project object */ = {
			isa = PBXProject;
			attributes = {
				LastUpgradeCheck = 1020;
				ORGANIZATIONNAME = "lu hongliang";
				TargetAttributes = {
					756C9CAF225F4FBB0053237F = {
						CreatedOnToolsVersion = 10.2;
					};
				};
			};
			buildConfigurationList = 756C9CAB225F4FBB0053237F /* Build configuration list for PBXProject "String_OC" */;
			compatibilityVersion = "Xcode 9.3";
			developmentRegion = en;
			hasScannedForEncodings = 0;
			knownRegions = (
				en,
				Base,
			);
			mainGroup = 756C9CA7225F4FBB0053237F;
			productRefGroup = 756C9CB1225F4FBB0053237F /* Products */;
			projectDirPath = "";
			projectRoot = "";
			targets = (
				756C9CAF225F4FBB0053237F /* String_OC */,
			);
		};
/* End PBXProject section */

/* Begin PBXResourcesBuildPhase section */
		756C9CAE225F4FBB0053237F /* Resources */ = {
			isa = PBXResourcesBuildPhase;
			buildActionMask = 2147483647;
			files = (
				756C9CC0225F4FBC0053237F /* LaunchScreen.storyboard in Resources */,
				756C9CBD225F4FBC0053237F /* Assets.xcassets in Resources */,
				756C9CBB225F4FBB0053237F /* Main.storyboard in Resources */,
			);
			runOnlyForDeploymentPostprocessing = 0;
		};
/* End PBXResourcesBuildPhase section */

/* Begin PBXSourcesBuildPhase section */
		756C9CAC225F4FBB0053237F /* Sources */ = {
			isa = PBXSourcesBuildPhase;
			buildActionMask = 2147483647;
			files = (
				756C9CB8225F4FBB0053237F /* ViewController.m in Sources */,
				756C9CC3225F4FBC0053237F /* main.m in Sources */,
				756C9CB5225F4FBB0053237F /* AppDelegate.m in Sources */,
			);
			runOnlyForDeploymentPostprocessing = 0;
		};
/* End PBXSourcesBuildPhase section */

/* Begin PBXVariantGroup section */
		756C9CB9225F4FBB0053237F /* Main.storyboard */ = {
			isa = PBXVariantGroup;
			children = (
				756C9CBA225F4FBB0053237F /* Base */,
			);
			name = Main.storyboard;
			sourceTree = "<group>";
		};
		756C9CBE225F4FBC0053237F /* LaunchScreen.storyboard */ = {
			isa = PBXVariantGroup;
			children = (
				756C9CBF225F4FBC0053237F /* Base */,
			);
			name = LaunchScreen.storyboard;
			sourceTree = "<group>";
		};
/* End PBXVariantGroup section */

/* Begin XCBuildConfiguration section */
		756C9CC4225F4FBC0053237F /* Debug */ = {
			isa = XCBuildConfiguration;
			buildSettings = {
				ALWAYS_SEARCH_USER_PATHS = NO;
				CLANG_ANALYZER_NONNULL = YES;
				CLANG_ANALYZER_NUMBER_OBJECT_CONVERSION = YES_AGGRESSIVE;
				CLANG_CXX_LANGUAGE_STANDARD = "gnu++14";
				CLANG_CXX_LIBRARY = "libc++";
				CLANG_ENABLE_MODULES = YES;
				CLANG_ENABLE_OBJC_ARC = YES;
				CLANG_ENABLE_OBJC_WEAK = YES;
				CLANG_WARN_BLOCK_CAPTURE_AUTORELEASING = YES;
				CLANG_WARN_BOOL_CONVERSION = YES;
				CLANG_WARN_COMMA = YES;
				CLANG_WARN_CONSTANT_CONVERSION = YES;
				CLANG_WARN_DEPRECATED_OBJC_IMPLEMENTATIONS = YES;
				CLANG_WARN_DIRECT_OBJC_ISA_USAGE = YES_ERROR;
				CLANG_WARN_DOCUMENTATION_COMMENTS = YES;
				CLANG_WARN_EMPTY_BODY = YES;
				CLANG_WARN_ENUM_CONVERSION = YES;
				CLANG_WARN_INFINITE_RECURSION = YES;
				CLANG_WARN_INT_CONVERSION = YES;
				CLANG_WARN_NON_LITERAL_NULL_CONVERSION = YES;
				CLANG_WARN_OBJC_IMPLICIT_RETAIN_SELF = YES;
				CLANG_WARN_OBJC_LITERAL_CONVERSION = YES;
				CLANG_WARN_OBJC_ROOT_CLASS = YES_ERROR;
				CLANG_WARN_RANGE_LOOP_ANALYSIS = YES;
				CLANG_WARN_STRICT_PROTOTYPES = YES;
				CLANG_WARN_SUSPICIOUS_MOVE = YES;
				CLANG_WARN_UNGUARDED_AVAILABILITY = YES_AGGRESSIVE;
				CLANG_WARN_UNREACHABLE_CODE = YES;
				CLANG_WARN__DUPLICATE_METHOD_MATCH = YES;
				CODE_SIGN_IDENTITY = "iPhone Developer";
				COPY_PHASE_STRIP = NO;
				DEBUG_INFORMATION_FORMAT = dwarf;
				ENABLE_STRICT_OBJC_MSGSEND = YES;
				ENABLE_TESTABILITY = YES;
				GCC_C_LANGUAGE_STANDARD = gnu11;
				GCC_DYNAMIC_NO_PIC = NO;
				GCC_NO_COMMON_BLOCKS = YES;
				GCC_OPTIMIZATION_LEVEL = 0;
				GCC_PREPROCESSOR_DEFINITIONS = (
					"DEBUG=1",
					"$(inherited)",
				);
				GCC_WARN_64_TO_32_BIT_CONVERSION = YES;
				GCC_WARN_ABOUT_RETURN_TYPE = YES_ERROR;
				GCC_WARN_UNDECLARED_SELECTOR = YES;
				GCC_WARN_UNINITIALIZED_AUTOS = YES_AGGRESSIVE;
				GCC_WARN_UNUSED_FUNCTION = YES;
				GCC_WARN_UNUSED_VARIABLE = YES;
				IPHONEOS_DEPLOYMENT_TARGET = 12.2;
				MTL_ENABLE_DEBUG_INFO = INCLUDE_SOURCE;
				MTL_FAST_MATH = YES;
				ONLY_ACTIVE_ARCH = YES;
				SDKROOT = iphoneos;
			};
			name = Debug;
		};
		756C9CC5225F4FBC0053237F /* Release */ = {
			isa = XCBuildConfiguration;
			buildSettings = {
				ALWAYS_SEARCH_USER_PATHS = NO;
				CLANG_ANALYZER_NONNULL = YES;
				CLANG_ANALYZER_NUMBER_OBJECT_CONVERSION = YES_AGGRESSIVE;
				CLANG_CXX_LANGUAGE_STANDARD = "gnu++14";
				CLANG_CXX_LIBRARY = "libc++";
				CLANG_ENABLE_MODULES = YES;
				CLANG_ENABLE_OBJC_ARC = YES;
				CLANG_ENABLE_OBJC_WEAK = YES;
				CLANG_WARN_BLOCK_CAPTURE_AUTORELEASING = YES;
				CLANG_WARN_BOOL_CONVERSION = YES;
				CLANG_WARN_COMMA = YES;
				CLANG_WARN_CONSTANT_CONVERSION = YES;
				CLANG_WARN_DEPRECATED_OBJC_IMPLEMENTATIONS = YES;
				CLANG_WARN_DIRECT_OBJC_ISA_USAGE = YES_ERROR;
				CLANG_WARN_DOCUMENTATION_COMMENTS = YES;
				CLANG_WARN_EMPTY_BODY = YES;
				CLANG_WARN_ENUM_CONVERSION = YES;
				CLANG_WARN_INFINITE_RECURSION = YES;
				CLANG_WARN_INT_CONVERSION = YES;
				CLANG_WARN_NON_LITERAL_NULL_CONVERSION = YES;
				CLANG_WARN_OBJC_IMPLICIT_RETAIN_SELF = YES;
				CLANG_WARN_OBJC_LITERAL_CONVERSION = YES;
				CLANG_WARN_OBJC_ROOT_CLASS = YES_ERROR;
				CLANG_WARN_RANGE_LOOP_ANALYSIS = YES;
				CLANG_WARN_STRICT_PROTOTYPES = YES;
				CLANG_WARN_SUSPICIOUS_MOVE = YES;
				CLANG_WARN_UNGUARDED_AVAILABILITY = YES_AGGRESSIVE;
				CLANG_WARN_UNREACHABLE_CODE = YES;
				CLANG_WARN__DUPLICATE_METHOD_MATCH = YES;
				CODE_SIGN_IDENTITY = "iPhone Developer";
				COPY_PHASE_STRIP = NO;
				DEBUG_INFORMATION_FORMAT = "dwarf-with-dsym";
				ENABLE_NS_ASSERTIONS = NO;
				ENABLE_STRICT_OBJC_MSGSEND = YES;
				GCC_C_LANGUAGE_STANDARD = gnu11;
				GCC_NO_COMMON_BLOCKS = YES;
				GCC_WARN_64_TO_32_BIT_CONVERSION = YES;
				GCC_WARN_ABOUT_RETURN_TYPE = YES_ERROR;
				GCC_WARN_UNDECLARED_SELECTOR = YES;
				GCC_WARN_UNINITIALIZED_AUTOS = YES_AGGRESSIVE;
				GCC_WARN_UNUSED_FUNCTION = YES;
				GCC_WARN_UNUSED_VARIABLE = YES;
				IPHONEOS_DEPLOYMENT_TARGET = 12.2;
				MTL_ENABLE_DEBUG_INFO = NO;
				MTL_FAST_MATH = YES;
				SDKROOT = iphoneos;
				VALIDATE_PRODUCT = YES;
			};
			name = Release;
		};
		756C9CC7225F4FBC0053237F /* Debug */ = {
			isa = XCBuildConfiguration;
			buildSettings = {
				ASSETCATALOG_COMPILER_APPICON_NAME = AppIcon;
				CODE_SIGN_STYLE = Automatic;
				INFOPLIST_FILE = String_OC/Info.plist;
				LD_RUNPATH_SEARCH_PATHS = (
					"$(inherited)",
					"@executable_path/Frameworks",
				);
				PRODUCT_BUNDLE_IDENTIFIER = "honglianglu.String-OC";
				PRODUCT_NAME = "$(TARGET_NAME)";
				TARGETED_DEVICE_FAMILY = "1,2";
			};
			name = Debug;
		};
		756C9CC8225F4FBC0053237F /* Release */ = {
			isa = XCBuildConfiguration;
			buildSettings = {
				ASSETCATALOG_COMPILER_APPICON_NAME = AppIcon;
				CODE_SIGN_STYLE = Automatic;
				INFOPLIST_FILE = String_OC/Info.plist;
				LD_RUNPATH_SEARCH_PATHS = (
					"$(inherited)",
					"@executable_path/Frameworks",
				);
				PRODUCT_BUNDLE_IDENTIFIER = "honglianglu.String-OC";
				PRODUCT_NAME = "$(TARGET_NAME)";
				TARGETED_DEVICE_FAMILY = "1,2";
			};
			name = Release;
		};
/* End XCBuildConfiguration section */

/* Begin XCConfigurationList section */
		756C9CAB225F4FBB0053237F /* Build configuration list for PBXProject "String_OC" */ = {
			isa = XCConfigurationList;
			buildConfigurations = (
				756C9CC4225F4FBC0053237F /* Debug */,
				756C9CC5225F4FBC0053237F /* Release */,
			);
			defaultConfigurationIsVisible = 0;
			defaultConfigurationName = Release;
		};
		756C9CC6225F4FBC0053237F /* Build configuration list for PBXNativeTarget "String_OC" */ = {
			isa = XCConfigurationList;
			buildConfigurations = (
				756C9CC7225F4FBC0053237F /* Debug */,
				756C9CC8225F4FBC0053237F /* Release */,
			);
			defaultConfigurationIsVisible = 0;
			defaultConfigurationName = Release;
		};
/* End XCConfigurationList section */
	};
	rootObject = 756C9CA8225F4FBB0053237F /* Project object */;
}
